
Microsoft Visual Studio Solution File, Format Version 12.00
# Visual Studio Version 16
VisualStudioVersion = 16.0.31613.86
MinimumVisualStudioVersion = 10.0.40219.1
Project("{FAE04EC0-301F-11D3-BF4B-00C04F79EFBC}") = "Dissidio", "Dissidio.csproj", "{71FC453D-FED9-48A9-85AD-C83841877E3C}"
EndProject
Global
	GlobalSection(SolutionConfigurationPlatforms) = preSolution
		Debug|Any CPU = Debug|Any CPU
		Release|Any CPU = Release|Any CPU
	EndGlobalSection
	GlobalSection(ProjectConfigurationPlatforms) = postSolution
		{71FC453D-FED9-48A9-85AD-C83841877E3C}.Debug|Any CPU.ActiveCfg = Debug|Any CPU
		{71FC453D-FED9-48A9-85AD-C83841877E3C}.Debug|Any CPU.Build.0 = Debug|Any CPU
		{71FC453D-FED9-48A9-85AD-C83841877E3C}.Release|Any CPU.ActiveCfg = Release|Any CPU
		{71FC453D-FED9-48A9-85AD-C83841877E3C}.Release|Any CPU.Build.0 = Release|Any CPU
	EndGlobalSection
	GlobalSection(SolutionProperties) = preSolution
		HideSolutionNode = FALSE
	EndGlobalSection
	GlobalSection(ExtensibilityGlobals) = postSolution
		SolutionGuid = {5611496F-F08A-4E52-A99F-3326EA58525D}
	EndGlobalSection
EndGlobal
